
Microsoft Visual Studio Solution File, Format Version 12.00
# Visual Studio 15
Project("{FAE04EC0-301F-11D3-BF4B-00C04F79EFBC}") = "PENation.API", "PENation.API\PENation.API.csproj", "{BAD84CAE-5701-48E8-8588-59342FCEF665}"
EndProject
Project("{FAE04EC0-301F-11D3-BF4B-00C04F79EFBC}") = "APIMocker", "APIMocker\APIMocker.csproj", "{D6233D9D-E6CB-4129-9290-9E3E59A98320}"
EndProject
Global
	GlobalSection(SolutionConfigurationPlatforms) = preSolution
		Debug|Any CPU = Debug|Any CPU
		Release|Any CPU = Release|Any CPU
	EndGlobalSection
	GlobalSection(ProjectConfigurationPlatforms) = postSolution
		{BAD84CAE-5701-48E8-8588-59342FCEF665}.Debug|Any CPU.ActiveCfg = Debug|Any CPU
		{BAD84CAE-5701-48E8-8588-59342FCEF665}.Debug|Any CPU.Build.0 = Debug|Any CPU
		{BAD84CAE-5701-48E8-8588-59342FCEF665}.Release|Any CPU.ActiveCfg = Release|Any CPU
		{BAD84CAE-5701-48E8-8588-59342FCEF665}.Release|Any CPU.Build.0 = Release|Any CPU
		{D6233D9D-E6CB-4129-9290-9E3E59A98320}.Debug|Any CPU.ActiveCfg = Debug|Any CPU
		{D6233D9D-E6CB-4129-9290-9E3E59A98320}.Debug|Any CPU.Build.0 = Debug|Any CPU
		{D6233D9D-E6CB-4129-9290-9E3E59A98320}.Release|Any CPU.ActiveCfg = Release|Any CPU
		{D6233D9D-E6CB-4129-9290-9E3E59A98320}.Release|Any CPU.Build.0 = Release|Any CPU
	EndGlobalSection
EndGlobal
